// !$*UTF8*$!
{
	archiveVersion = 1;
	classes = {
	};
	objectVersion = 46;
	objects = {

/* Begin PBXBuildFile section */
		839733991B4088F100A6E48B /* main.m in Sources */ = {isa = PBXBuildFile; fileRef = 839733981B4088F100A6E48B /* main.m */; };
		8397339C1B4088F100A6E48B /* AppDelegate.m in Sources */ = {isa = PBXBuildFile; fileRef = 8397339B1B4088F100A6E48B /* AppDelegate.m */; };
		8397339F1B4088F100A6E48B /* ViewController.m in Sources */ = {isa = PBXBuildFile; fileRef = 8397339E1B4088F100A6E48B /* ViewController.m */; };
		839733A21B4088F100A6E48B /* Main.storyboard in Resources */ = {isa = PBXBuildFile; fileRef = 839733A01B4088F100A6E48B /* Main.storyboard */; };
		839733A41B4088F100A6E48B /* Images.xcassets in Resources */ = {isa = PBXBuildFile; fileRef = 839733A31B4088F100A6E48B /* Images.xcassets */; };
		839733A71B4088F200A6E48B /* LaunchScreen.xib in Resources */ = {isa = PBXBuildFile; fileRef = 839733A51B4088F200A6E48B /* LaunchScreen.xib */; };
		839733B31B4088F200A6E48B /* GitusexampleTests.m in Sources */ = {isa = PBXBuildFile; fileRef = 839733B21B4088F200A6E48B /* GitusexampleTests.m */; };
/* End PBXBuildFile section */

/* Begin PBXContainerItemProxy section */
		839733AD1B4088F200A6E48B /* PBXContainerItemProxy */ = {
			isa = PBXContainerItemProxy;
			containerPortal = 8397338B1B4088F100A6E48B /* Project object */;
			proxyType = 1;
			remoteGlobalIDString = 839733921B4088F100A6E48B;
			remoteInfo = Gitusexample;
		};
/* End PBXContainerItemProxy section */

/* Begin PBXFileReference section */
		839733931B4088F100A6E48B /* Gitusexample.app */ = {isa = PBXFileReference; explicitFileType = wrapper.application; includeInIndex = 0; path = Gitusexample.app; sourceTree = BUILT_PRODUCTS_DIR; };
		839733971B4088F100A6E48B /* Info.plist */ = {isa = PBXFileReference; lastKnownFileType = text.plist.xml; path = Info.plist; sourceTree = "<group>"; };
		839733981B4088F100A6E48B /* main.m */ = {isa = PBXFileReference; lastKnownFileType = sourcecode.c.objc; path = main.m; sourceTree = "<group>"; };
		8397339A1B4088F100A6E48B /* AppDelegate.h */ = {isa = PBXFileReference; lastKnownFileType = sourcecode.c.h; path = AppDelegate.h; sourceTree = "<group>"; };
		8397339B1B4088F100A6E48B /* AppDelegate.m */ = {isa = PBXFileReference; lastKnownFileType = sourcecode.c.objc; path = AppDelegate.m; sourceTree = "<group>"; };
		8397339D1B4088F100A6E48B /* ViewController.h */ = {isa = PBXFileReference; lastKnownFileType = sourcecode.c.h; path = ViewController.h; sourceTree = "<group>"; };
		8397339E1B4088F100A6E48B /* ViewController.m */ = {isa = PBXFileReference; lastKnownFileType = sourcecode.c.objc; path = ViewController.m; sourceTree = "<group>"; };
		839733A11B4088F100A6E48B /* Base */ = {isa = PBXFileReference; lastKnownFileType = file.storyboard; name = Base; path = Base.lproj/Main.storyboard; sourceTree = "<group>"; };
		839733A31B4088F100A6E48B /* Images.xcassets */ = {isa = PBXFileReference; lastKnownFileType = folder.assetcatalog; path = Images.xcassets; sourceTree = "<group>"; };
		839733A61B4088F200A6E48B /* Base */ = {isa = PBXFileReference; lastKnownFileType = file.xib; name = Base; path = Base.lproj/LaunchScreen.xib; sourceTree = "<group>"; };
		839733AC1B4088F200A6E48B /* GitusexampleTests.xctest */ = {isa = PBXFileReference; explicitFileType = wrapper.cfbundle; includeInIndex = 0; path = GitusexampleTests.xctest; sourceTree = BUILT_PRODUCTS_DIR; };
		839733B11B4088F200A6E48B /* Info.plist */ = {isa = PBXFileReference; lastKnownFileType = text.plist.xml; path = Info.plist; sourceTree = "<group>"; };
		839733B21B4088F200A6E48B /* GitusexampleTests.m */ = {isa = PBXFileReference; lastKnownFileType = sourcecode.c.objc; path = GitusexampleTests.m; sourceTree = "<group>"; };
/* End PBXFileReference section */

/* Begin PBXFrameworksBuildPhase section */
		839733901B4088F100A6E48B /* Frameworks */ = {
			isa = PBXFrameworksBuildPhase;
			buildActionMask = 2147483647;
			files = (
			);
			runOnlyForDeploymentPostprocessing = 0;
		};
		839733A91B4088F200A6E48B /* Frameworks */ = {
			isa = PBXFrameworksBuildPhase;
			buildActionMask = 2147483647;
			files = (
			);
			runOnlyForDeploymentPostprocessing = 0;
		};
/* End PBXFrameworksBuildPhase section */

/* Begin PBXGroup section */
		8397338A1B4088F100A6E48B = {
			isa = PBXGroup;
			children = (
				839733951B4088F100A6E48B /* Gitusexample */,
				839733AF1B4088F200A6E48B /* GitusexampleTests */,
				839733941B4088F100A6E48B /* Products */,
			);
			sourceTree = "<group>";
		};
		839733941B4088F100A6E48B /* Products */ = {
			isa = PBXGroup;
			children = (
				839733931B4088F100A6E48B /* Gitusexample.app */,
				839733AC1B4088F200A6E48B /* GitusexampleTests.xctest */,
			);
			name = Products;
			sourceTree = "<group>";
		};
		839733951B4088F100A6E48B /* Gitusexample */ = {
			isa = PBXGroup;
			children = (
				8397339A1B4088F100A6E48B /* AppDelegate.h */,
				8397339B1B4088F100A6E48B /* AppDelegate.m */,
				8397339D1B4088F100A6E48B /* ViewController.h */,
				8397339E1B4088F100A6E48B /* ViewController.m */,
				839733A01B4088F100A6E48B /* Main.storyboard */,
				839733A31B4088F100A6E48B /* Images.xcassets */,
				839733A51B4088F200A6E48B /* LaunchScreen.xib */,
				839733961B4088F100A6E48B /* Supporting Files */,
			);
			path = Gitusexample;
			sourceTree = "<group>";
		};
		839733961B4088F100A6E48B /* Supporting Files */ = {
			isa = PBXGroup;
			children = (
				839733971B4088F100A6E48B /* Info.plist */,
				839733981B4088F100A6E48B /* main.m */,
			);
			name = "Supporting Files";
			sourceTree = "<group>";
		};
		839733AF1B4088F200A6E48B /* GitusexampleTests */ = {
			isa = PBXGroup;
			children = (
				839733B21B4088F200A6E48B /* GitusexampleTests.m */,
				839733B01B4088F200A6E48B /* Supporting Files */,
			);
			path = GitusexampleTests;
			sourceTree = "<group>";
		};
		839733B01B4088F200A6E48B /* Supporting Files */ = {
			isa = PBXGroup;
			children = (
				839733B11B4088F200A6E48B /* Info.plist */,
			);
			name = "Supporting Files";
			sourceTree = "<group>";
		};
/* End PBXGroup section */

/* Begin PBXNativeTarget section */
		839733921B4088F100A6E48B /* Gitusexample */ = {
			isa = PBXNativeTarget;
			buildConfigurationList = 839733B61B4088F200A6E48B /* Build configuration list for PBXNativeTarget "Gitusexample" */;
			buildPhases = (
				8397338F1B4088F100A6E48B /* Sources */,
				839733901B4088F100A6E48B /* Frameworks */,
				839733911B4088F100A6E48B /* Resources */,
			);
			buildRules = (
			);
			dependencies = (
			);
			name = Gitusexample;
			productName = Gitusexample;
			productReference = 839733931B4088F100A6E48B /* Gitusexample.app */;
			productType = "com.apple.product-type.application";
		};
		839733AB1B4088F200A6E48B /* GitusexampleTests */ = {
			isa = PBXNativeTarget;
			buildConfigurationList = 839733B91B4088F200A6E48B /* Build configuration list for PBXNativeTarget "GitusexampleTests" */;
			buildPhases = (
				839733A81B4088F200A6E48B /* Sources */,
				839733A91B4088F200A6E48B /* Frameworks */,
				839733AA1B4088F200A6E48B /* Resources */,
			);
			buildRules = (
			);
			dependencies = (
				839733AE1B4088F200A6E48B /* PBXTargetDependency */,
			);
			name = GitusexampleTests;
			productName = GitusexampleTests;
			productReference = 839733AC1B4088F200A6E48B /* GitusexampleTests.xctest */;
			productType = "com.apple.product-type.bundle.unit-test";
		};
/* End PBXNativeTarget section */

/* Begin PBXProject section */
		8397338B1B4088F100A6E48B /* Project object */ = {
			isa = PBXProject;
			attributes = {
				LastUpgradeCheck = 0610;
				ORGANIZATIONNAME = Monunique;
				TargetAttributes = {
					839733921B4088F100A6E48B = {
						CreatedOnToolsVersion = 6.1.1;
					};
					839733AB1B4088F200A6E48B = {
						CreatedOnToolsVersion = 6.1.1;
						TestTargetID = 839733921B4088F100A6E48B;
					};
				};
			};
			buildConfigurationList = 8397338E1B4088F100A6E48B /* Build configuration list for PBXProject "Gitusexample" */;
			compatibilityVersion = "Xcode 3.2";
			developmentRegion = English;
			hasScannedForEncodings = 0;
			knownRegions = (
				en,
				Base,
			);
			mainGroup = 8397338A1B4088F100A6E48B;
			productRefGroup = 839733941B4088F100A6E48B /* Products */;
			projectDirPath = "";
			projectRoot = "";
			targets = (
				839733921B4088F100A6E48B /* Gitusexample */,
				839733AB1B4088F200A6E48B /* GitusexampleTests */,
			);
		};
/* End PBXProject section */

/* Begin PBXResourcesBuildPhase section */
		839733911B4088F100A6E48B /* Resources */ = {
			isa = PBXResourcesBuildPhase;
			buildActionMask = 2147483647;
			files = (
				839733A21B4088F100A6E48B /* Main.storyboard in Resources */,
				839733A71B4088F200A6E48B /* LaunchScreen.xib in Resources */,
				839733A41B4088F100A6E48B /* Images.xcassets in Resources */,
			);
			runOnlyForDeploymentPostprocessing = 0;
		};
		839733AA1B4088F200A6E48B /* Resources */ = {
			isa = PBXResourcesBuildPhase;
			buildActionMask = 2147483647;
			files = (
			);
			runOnlyForDeploymentPostprocessing = 0;
		};
/* End PBXResourcesBuildPhase section */

/* Begin PBXSourcesBuildPhase section */
		8397338F1B4088F100A6E48B /* Sources */ = {
			isa = PBXSourcesBuildPhase;
			buildActionMask = 2147483647;
			files = (
				8397339F1B4088F100A6E48B /* ViewController.m in Sources */,
				8397339C1B4088F100A6E48B /* AppDelegate.m in Sources */,
				839733991B4088F100A6E48B /* main.m in Sources */,
			);
			runOnlyForDeploymentPostprocessing = 0;
		};
		839733A81B4088F200A6E48B /* Sources */ = {
			isa = PBXSourcesBuildPhase;
			buildActionMask = 2147483647;
			files = (
				839733B31B4088F200A6E48B /* GitusexampleTests.m in Sources */,
			);
			runOnlyForDeploymentPostprocessing = 0;
		};
/* End PBXSourcesBuildPhase section */

/* Begin PBXTargetDependency section */
		839733AE1B4088F200A6E48B /* PBXTargetDependency */ = {
			isa = PBXTargetDependency;
			target = 839733921B4088F100A6E48B /* Gitusexample */;
			targetProxy = 839733AD1B4088F200A6E48B /* PBXContainerItemProxy */;
		};
/* End PBXTargetDependency section */

/* Begin PBXVariantGroup section */
		839733A01B4088F100A6E48B /* Main.storyboard */ = {
			isa = PBXVariantGroup;
			children = (
				839733A11B4088F100A6E48B /* Base */,
			);
			name = Main.storyboard;
			sourceTree = "<group>";
		};
		839733A51B4088F200A6E48B /* LaunchScreen.xib */ = {
			isa = PBXVariantGroup;
			children = (
				839733A61B4088F200A6E48B /* Base */,
			);
			name = LaunchScreen.xib;
			sourceTree = "<group>";
		};
/* End PBXVariantGroup section */

/* Begin XCBuildConfiguration section */
		839733B41B4088F200A6E48B /* Debug */ = {
			isa = XCBuildConfiguration;
			buildSettings = {
				ALWAYS_SEARCH_USER_PATHS = NO;
				CLANG_CXX_LANGUAGE_STANDARD = "gnu++0x";
				CLANG_CXX_LIBRARY = "libc++";
				CLANG_ENABLE_MODULES = YES;
				CLANG_ENABLE_OBJC_ARC = YES;
				CLANG_WARN_BOOL_CONVERSION = YES;
				CLANG_WARN_CONSTANT_CONVERSION = YES;
				CLANG_WARN_DIRECT_OBJC_ISA_USAGE = YES_ERROR;
				CLANG_WARN_EMPTY_BODY = YES;
				CLANG_WARN_ENUM_CONVERSION = YES;
				CLANG_WARN_INT_CONVERSION = YES;
				CLANG_WARN_OBJC_ROOT_CLASS = YES_ERROR;
				CLANG_WARN_UNREACHABLE_CODE = YES;
				CLANG_WARN__DUPLICATE_METHOD_MATCH = YES;
				"CODE_SIGN_IDENTITY[sdk=iphoneos*]" = "iPhone Developer";
				COPY_PHASE_STRIP = NO;
				ENABLE_STRICT_OBJC_MSGSEND = YES;
				GCC_C_LANGUAGE_STANDARD = gnu99;
				GCC_DYNAMIC_NO_PIC = NO;
				GCC_OPTIMIZATION_LEVEL = 0;
				GCC_PREPROCESSOR_DEFINITIONS = (
					"DEBUG=1",
					"$(inherited)",
				);
				GCC_SYMBOLS_PRIVATE_EXTERN = NO;
				GCC_WARN_64_TO_32_BIT_CONVERSION = YES;
				GCC_WARN_ABOUT_RETURN_TYPE = YES_ERROR;
				GCC_WARN_UNDECLARED_SELECTOR = YES;
				GCC_WARN_UNINITIALIZED_AUTOS = YES_AGGRESSIVE;
				GCC_WARN_UNUSED_FUNCTION = YES;
				GCC_WARN_UNUSED_VARIABLE = YES;
				IPHONEOS_DEPLOYMENT_TARGET = 8.1;
				MTL_ENABLE_DEBUG_INFO = YES;
				ONLY_ACTIVE_ARCH = YES;
				SDKROOT = iphoneos;
			};
			name = Debug;
		};
		839733B51B4088F200A6E48B /* Release */ = {
			isa = XCBuildConfiguration;
			buildSettings = {
				ALWAYS_SEARCH_USER_PATHS = NO;
				CLANG_CXX_LANGUAGE_STANDARD = "gnu++0x";
				CLANG_CXX_LIBRARY = "libc++";
				CLANG_ENABLE_MODULES = YES;
				CLANG_ENABLE_OBJC_ARC = YES;
				CLANG_WARN_BOOL_CONVERSION = YES;
				CLANG_WARN_CONSTANT_CONVERSION = YES;
				CLANG_WARN_DIRECT_OBJC_ISA_USAGE = YES_ERROR;
				CLANG_WARN_EMPTY_BODY = YES;
				CLANG_WARN_ENUM_CONVERSION = YES;
				CLANG_WARN_INT_CONVERSION = YES;
				CLANG_WARN_OBJC_ROOT_CLASS = YES_ERROR;
				CLANG_WARN_UNREACHABLE_CODE = YES;
				CLANG_WARN__DUPLICATE_METHOD_MATCH = YES;
				"CODE_SIGN_IDENTITY[sdk=iphoneos*]" = "iPhone Developer";
				COPY_PHASE_STRIP = YES;
				ENABLE_NS_ASSERTIONS = NO;
				ENABLE_STRICT_OBJC_MSGSEND = YES;
				GCC_C_LANGUAGE_STANDARD = gnu99;
				GCC_WARN_64_TO_32_BIT_CONVERSION = YES;
				GCC_WARN_ABOUT_RETURN_TYPE = YES_ERROR;
				GCC_WARN_UNDECLARED_SELECTOR = YES;
				GCC_WARN_UNINITIALIZED_AUTOS = YES_AGGRESSIVE;
				GCC_WARN_UNUSED_FUNCTION = YES;
				GCC_WARN_UNUSED_VARIABLE = YES;
				IPHONEOS_DEPLOYMENT_TARGET = 8.1;
				MTL_ENABLE_DEBUG_INFO = NO;
				SDKROOT = iphoneos;
				VALIDATE_PRODUCT = YES;
			};
			name = Release;
		};
		839733B71B4088F200A6E48B /* Debug */ = {
			isa = XCBuildConfiguration;
			buildSettings = {
				ASSETCATALOG_COMPILER_APPICON_NAME = AppIcon;
				INFOPLIST_FILE = Gitusexample/Info.plist;
				LD_RUNPATH_SEARCH_PATHS = "$(inherited) @executable_path/Frameworks";
				PRODUCT_NAME = "$(TARGET_NAME)";
			};
			name = Debug;
		};
		839733B81B4088F200A6E48B /* Release */ = {
			isa = XCBuildConfiguration;
			buildSettings = {
				ASSETCATALOG_COMPILER_APPICON_NAME = AppIcon;
				INFOPLIST_FILE = Gitusexample/Info.plist;
				LD_RUNPATH_SEARCH_PATHS = "$(inherited) @executable_path/Frameworks";
				PRODUCT_NAME = "$(TARGET_NAME)";
			};
			name = Release;
		};
		839733BA1B4088F200A6E48B /* Debug */ = {
			isa = XCBuildConfiguration;
			buildSettings = {
				BUNDLE_LOADER = "$(TEST_HOST)";
				FRAMEWORK_SEARCH_PATHS = (
					"$(SDKROOT)/Developer/Library/Frameworks",
					"$(inherited)",
				);
				GCC_PREPROCESSOR_DEFINITIONS = (
					"DEBUG=1",
					"$(inherited)",
				);
				INFOPLIST_FILE = GitusexampleTests/Info.plist;
				LD_RUNPATH_SEARCH_PATHS = "$(inherited) @executable_path/Frameworks @loader_path/Frameworks";
				PRODUCT_NAME = "$(TARGET_NAME)";
				TEST_HOST = "$(BUILT_PRODUCTS_DIR)/Gitusexample.app/Gitusexample";
			};
			name = Debug;
		};
		839733BB1B4088F200A6E48B /* Release */ = {
			isa = XCBuildConfiguration;
			buildSettings = {
				BUNDLE_LOADER = "$(TEST_HOST)";
				FRAMEWORK_SEARCH_PATHS = (
					"$(SDKROOT)/Developer/Library/Frameworks",
					"$(inherited)",
				);
				INFOPLIST_FILE = GitusexampleTests/Info.plist;
				LD_RUNPATH_SEARCH_PATHS = "$(inherited) @executable_path/Frameworks @loader_path/Frameworks";
				PRODUCT_NAME = "$(TARGET_NAME)";
				TEST_HOST = "$(BUILT_PRODUCTS_DIR)/Gitusexample.app/Gitusexample";
			};
			name = Release;
		};
/* End XCBuildConfiguration section */

/* Begin XCConfigurationList section */
		8397338E1B4088F100A6E48B /* Build configuration list for PBXProject "Gitusexample" */ = {
			isa = XCConfigurationList;
			buildConfigurations = (
				839733B41B4088F200A6E48B /* Debug */,
				839733B51B4088F200A6E48B /* Release */,
			);
			defaultConfigurationIsVisible = 0;
			defaultConfigurationName = Release;
		};
		839733B61B4088F200A6E48B /* Build configuration list for PBXNativeTarget "Gitusexample" */ = {
			isa = XCConfigurationList;
			buildConfigurations = (
				839733B71B4088F200A6E48B /* Debug */,
				839733B81B4088F200A6E48B /* Release */,
			);
			defaultConfigurationIsVisible = 0;
		};
		839733B91B4088F200A6E48B /* Build configuration list for PBXNativeTarget "GitusexampleTests" */ = {
			isa = XCConfigurationList;
			buildConfigurations = (
				839733BA1B4088F200A6E48B /* Debug */,
				839733BB1B4088F200A6E48B /* Release */,
			);
			defaultConfigurationIsVisible = 0;
		};
/* End XCConfigurationList section */
	};
	rootObject = 8397338B1B4088F100A6E48B /* Project object */;
}
